# This file was autogenerated by Stack.
# You should not edit this file by hand.
# For more information, please see the documentation at:
#   https://docs.haskellstack.org/en/stable/lock_files

packages:
- completed:
    subdir: llvm-hs
    name: llvm-hs
    version: 12.0.0
    git: https://github.com/llvm-hs/llvm-hs.git
    pantry-tree:
      size: 12781
      sha256: 0ad0627ac9407d6e9380771621d820d49c19f422681105289ef3ea733ca353f6
    commit: 9db657851caf0aa7805b26bcedbd5f445b70f929
  original:
    subdir: llvm-hs
    git: https://github.com/llvm-hs/llvm-hs.git
    commit: 9db657851caf0aa7805b26bcedbd5f445b70f929
- completed:
    subdir: llvm-hs-pure
    name: llvm-hs-pure
    version: 12.0.0
    git: https://github.com/llvm-hs/llvm-hs.git
    pantry-tree:
      size: 2712
      sha256: b46dedc3bfda29f35262505f814968e0aa57ebaf765977e5c9c6da12d3d07850
    commit: 9db657851caf0aa7805b26bcedbd5f445b70f929
  original:
    subdir: llvm-hs-pure
    git: https://github.com/llvm-hs/llvm-hs.git
    commit: 9db657851caf0aa7805b26bcedbd5f445b70f929
snapshots:
- completed:
    size: 586296
    url: https://raw.githubusercontent.com/commercialhaskell/stackage-snapshots/master/lts/18/18.yaml
    sha256: 63539429076b7ebbab6daa7656cfb079393bf644971156dc349d7c0453694ac2
  original:
    url: https://raw.githubusercontent.com/commercialhaskell/stackage-snapshots/master/lts/18/18.yaml
